
Microsoft Visual Studio Solution File, Format Version 12.00
# Visual Studio Version 17
VisualStudioVersion = 17.2.32616.157
MinimumVisualStudioVersion = 10.0.40219.1
Project("{FAE04EC0-301F-11D3-BF4B-00C04F79EFBC}") = "Api", "Api\Api.csproj", "{DF6C16B2-9A24-4DBA-9D69-8C2003CC9323}"
EndProject
Global
	GlobalSection(SolutionConfigurationPlatforms) = preSolution
		Debug|Any CPU = Debug|Any CPU
		Release|Any CPU = Release|Any CPU
	EndGlobalSection
	GlobalSection(ProjectConfigurationPlatforms) = postSolution
		{DF6C16B2-9A24-4DBA-9D69-8C2003CC9323}.Debug|Any CPU.ActiveCfg = Debug|Any CPU
		{DF6C16B2-9A24-4DBA-9D69-8C2003CC9323}.Debug|Any CPU.Build.0 = Debug|Any CPU
		{DF6C16B2-9A24-4DBA-9D69-8C2003CC9323}.Release|Any CPU.ActiveCfg = Release|Any CPU
		{DF6C16B2-9A24-4DBA-9D69-8C2003CC9323}.Release|Any CPU.Build.0 = Release|Any CPU
	EndGlobalSection
	GlobalSection(SolutionProperties) = preSolution
		HideSolutionNode = FALSE
	EndGlobalSection
	GlobalSection(ExtensibilityGlobals) = postSolution
		SolutionGuid = {B4977324-1802-4E5F-9F88-8404F73F8F7E}
	EndGlobalSection
EndGlobal
