
Microsoft Visual Studio Solution File, Format Version 12.00
# Visual Studio Version 17
VisualStudioVersion = 17.4.33213.308
MinimumVisualStudioVersion = 10.0.40219.1
Project("{FAE04EC0-301F-11D3-BF4B-00C04F79EFBC}") = "API", "API.csproj", "{A316B4F7-E3C2-458E-9312-1AD3EE33BC0B}"
EndProject
Global
	GlobalSection(SolutionConfigurationPlatforms) = preSolution
		Debug|Any CPU = Debug|Any CPU
		Release|Any CPU = Release|Any CPU
	EndGlobalSection
	GlobalSection(ProjectConfigurationPlatforms) = postSolution
		{A316B4F7-E3C2-458E-9312-1AD3EE33BC0B}.Debug|Any CPU.ActiveCfg = Debug|Any CPU
		{A316B4F7-E3C2-458E-9312-1AD3EE33BC0B}.Debug|Any CPU.Build.0 = Debug|Any CPU
		{A316B4F7-E3C2-458E-9312-1AD3EE33BC0B}.Release|Any CPU.ActiveCfg = Release|Any CPU
		{A316B4F7-E3C2-458E-9312-1AD3EE33BC0B}.Release|Any CPU.Build.0 = Release|Any CPU
	EndGlobalSection
	GlobalSection(SolutionProperties) = preSolution
		HideSolutionNode = FALSE
	EndGlobalSection
	GlobalSection(ExtensibilityGlobals) = postSolution
		SolutionGuid = {765B303B-7F6A-4639-9A3E-97FF1133FDC6}
	EndGlobalSection
EndGlobal
